// !$*UTF8*$!
{
	archiveVersion = 1;
	classes = {
	};
	objectVersion = 48;
	objects = {

/* Begin PBXBuildFile section */
		184B88B22076374B00C77A77 /* BackendOperation.swift in Sources */ = {isa = PBXBuildFile; fileRef = 184B889C2076374B00C77A77 /* BackendOperation.swift */; };
		184B88B32076374B00C77A77 /* AsyncOperation.swift in Sources */ = {isa = PBXBuildFile; fileRef = 184B889D2076374B00C77A77 /* AsyncOperation.swift */; };
		184B88B42076374B00C77A77 /* BackendService.swift in Sources */ = {isa = PBXBuildFile; fileRef = 184B889E2076374B00C77A77 /* BackendService.swift */; };
		184B88B52076374B00C77A77 /* FilesPool.swift in Sources */ = {isa = PBXBuildFile; fileRef = 184B88A02076374B00C77A77 /* FilesPool.swift */; };
		184B88B62076374B00C77A77 /* FileLoadController.swift in Sources */ = {isa = PBXBuildFile; fileRef = 184B88A12076374B00C77A77 /* FileLoadController.swift */; };
		184B88B72076374B00C77A77 /* FileLoadSettings.swift in Sources */ = {isa = PBXBuildFile; fileRef = 184B88A22076374B00C77A77 /* FileLoadSettings.swift */; };
		184B88B82076374B00C77A77 /* FileLoadManager.swift in Sources */ = {isa = PBXBuildFile; fileRef = 184B88A32076374B00C77A77 /* FileLoadManager.swift */; };
		184B88B92076374B00C77A77 /* FileLoad.swift in Sources */ = {isa = PBXBuildFile; fileRef = 184B88A42076374B00C77A77 /* FileLoad.swift */; };
		184B88BA2076374B00C77A77 /* BackendOperationQueue.swift in Sources */ = {isa = PBXBuildFile; fileRef = 184B88A62076374B00C77A77 /* BackendOperationQueue.swift */; };
		184B88BB2076374B00C77A77 /* BackendRequest.swift in Sources */ = {isa = PBXBuildFile; fileRef = 184B88A82076374B00C77A77 /* BackendRequest.swift */; };
		184B88BC2076374B00C77A77 /* BackendAlamofireExecutor.swift in Sources */ = {isa = PBXBuildFile; fileRef = 184B88AA2076374B00C77A77 /* BackendAlamofireExecutor.swift */; };
		184B88BD2076374B00C77A77 /* BackendExecutorProtocol.swift in Sources */ = {isa = PBXBuildFile; fileRef = 184B88AB2076374B00C77A77 /* BackendExecutorProtocol.swift */; };
		184B88BF2076374B00C77A77 /* BackendRequestExecutor.swift in Sources */ = {isa = PBXBuildFile; fileRef = 184B88AD2076374B00C77A77 /* BackendRequestExecutor.swift */; };
		184B88C02076374B00C77A77 /* Typedefs.swift in Sources */ = {isa = PBXBuildFile; fileRef = 184B88AF2076374B00C77A77 /* Typedefs.swift */; };
		184B88C12076374B00C77A77 /* BackendConstants.swift in Sources */ = {isa = PBXBuildFile; fileRef = 184B88B02076374B00C77A77 /* BackendConstants.swift */; };
		184B88C22076374B00C77A77 /* Reachibility.swift in Sources */ = {isa = PBXBuildFile; fileRef = 184B88B12076374B00C77A77 /* Reachibility.swift */; };
		185D4A562084CB3A0002C9F7 /* BRUploadExample.swift in Sources */ = {isa = PBXBuildFile; fileRef = 185D4A552084CB3A0002C9F7 /* BRUploadExample.swift */; };
		185D4A582084D3080002C9F7 /* GoogleService-Info.plist in Resources */ = {isa = PBXBuildFile; fileRef = 185D4A572084D3080002C9F7 /* GoogleService-Info.plist */; };
		185D4A5A2084D5770002C9F7 /* GoogleClient.swift in Sources */ = {isa = PBXBuildFile; fileRef = 185D4A592084D5770002C9F7 /* GoogleClient.swift */; };
		185D4A5C2084DBA40002C9F7 /* ImageUploadHelper.swift in Sources */ = {isa = PBXBuildFile; fileRef = 185D4A5B2084DBA40002C9F7 /* ImageUploadHelper.swift */; };
		185D4A5E2084DCFB0002C9F7 /* AlertHelper.swift in Sources */ = {isa = PBXBuildFile; fileRef = 185D4A5D2084DCFA0002C9F7 /* AlertHelper.swift */; };
		185D4A602084DDFF0002C9F7 /* BOUploadExample.swift in Sources */ = {isa = PBXBuildFile; fileRef = 185D4A5F2084DDFF0002C9F7 /* BOUploadExample.swift */; };
		18DFDF69207CF3AB0017DDCB /* PaginationModel.swift in Sources */ = {isa = PBXBuildFile; fileRef = 18DFDF68207CF3AB0017DDCB /* PaginationModel.swift */; };
		18DFDF6B207D09840017DDCB /* BRRestSampleRequest.swift in Sources */ = {isa = PBXBuildFile; fileRef = 18DFDF6A207D09840017DDCB /* BRRestSampleRequest.swift */; };
		18DFDF6D207D0A030017DDCB /* BORestExample.swift in Sources */ = {isa = PBXBuildFile; fileRef = 18DFDF6C207D0A030017DDCB /* BORestExample.swift */; };
		18DFDF73207D0C5D0017DDCB /* ServiceRegister.swift in Sources */ = {isa = PBXBuildFile; fileRef = 18DFDF71207D0C5D0017DDCB /* ServiceRegister.swift */; };
		18DFDF74207D0C5D0017DDCB /* ExampleService.swift in Sources */ = {isa = PBXBuildFile; fileRef = 18DFDF72207D0C5D0017DDCB /* ExampleService.swift */; };
		18DFDF76207D106A0017DDCB /* BRDownloadExample.swift in Sources */ = {isa = PBXBuildFile; fileRef = 18DFDF75207D106A0017DDCB /* BRDownloadExample.swift */; };
		18DFDF78207D10E40017DDCB /* BODownloadExample.swift in Sources */ = {isa = PBXBuildFile; fileRef = 18DFDF77207D10E40017DDCB /* BODownloadExample.swift */; };
		18F9CF961FB9C15F0015CD27 /* AppDelegate.swift in Sources */ = {isa = PBXBuildFile; fileRef = 18F9CF951FB9C15F0015CD27 /* AppDelegate.swift */; };
		18F9CF981FB9C15F0015CD27 /* ViewController.swift in Sources */ = {isa = PBXBuildFile; fileRef = 18F9CF971FB9C15F0015CD27 /* ViewController.swift */; };
		18F9CF9B1FB9C15F0015CD27 /* Main.storyboard in Resources */ = {isa = PBXBuildFile; fileRef = 18F9CF991FB9C15F0015CD27 /* Main.storyboard */; };
		18F9CF9D1FB9C15F0015CD27 /* Assets.xcassets in Resources */ = {isa = PBXBuildFile; fileRef = 18F9CF9C1FB9C15F0015CD27 /* Assets.xcassets */; };
		18F9CFA01FB9C15F0015CD27 /* LaunchScreen.storyboard in Resources */ = {isa = PBXBuildFile; fileRef = 18F9CF9E1FB9C15F0015CD27 /* LaunchScreen.storyboard */; };
		826ABD97289C502A8E8BE8E7 /* Pods_BackendLayerDemo.framework in Frameworks */ = {isa = PBXBuildFile; fileRef = 609EA4636B8F0F8EA093212C /* Pods_BackendLayerDemo.framework */; };
/* End PBXBuildFile section */

/* Begin PBXFileReference section */
		184B889C2076374B00C77A77 /* BackendOperation.swift */ = {isa = PBXFileReference; fileEncoding = 4; lastKnownFileType = sourcecode.swift; path = BackendOperation.swift; sourceTree = "<group>"; };
		184B889D2076374B00C77A77 /* AsyncOperation.swift */ = {isa = PBXFileReference; fileEncoding = 4; lastKnownFileType = sourcecode.swift; path = AsyncOperation.swift; sourceTree = "<group>"; };
		184B889E2076374B00C77A77 /* BackendService.swift */ = {isa = PBXFileReference; fileEncoding = 4; lastKnownFileType = sourcecode.swift; path = BackendService.swift; sourceTree = "<group>"; };
		184B88A02076374B00C77A77 /* FilesPool.swift */ = {isa = PBXFileReference; fileEncoding = 4; lastKnownFileType = sourcecode.swift; path = FilesPool.swift; sourceTree = "<group>"; };
		184B88A12076374B00C77A77 /* FileLoadController.swift */ = {isa = PBXFileReference; fileEncoding = 4; lastKnownFileType = sourcecode.swift; path = FileLoadController.swift; sourceTree = "<group>"; };
		184B88A22076374B00C77A77 /* FileLoadSettings.swift */ = {isa = PBXFileReference; fileEncoding = 4; lastKnownFileType = sourcecode.swift; path = FileLoadSettings.swift; sourceTree = "<group>"; };
		184B88A32076374B00C77A77 /* FileLoadManager.swift */ = {isa = PBXFileReference; fileEncoding = 4; lastKnownFileType = sourcecode.swift; path = FileLoadManager.swift; sourceTree = "<group>"; };
		184B88A42076374B00C77A77 /* FileLoad.swift */ = {isa = PBXFileReference; fileEncoding = 4; lastKnownFileType = sourcecode.swift; path = FileLoad.swift; sourceTree = "<group>"; };
		184B88A62076374B00C77A77 /* BackendOperationQueue.swift */ = {isa = PBXFileReference; fileEncoding = 4; lastKnownFileType = sourcecode.swift; path = BackendOperationQueue.swift; sourceTree = "<group>"; };
		184B88A82076374B00C77A77 /* BackendRequest.swift */ = {isa = PBXFileReference; fileEncoding = 4; lastKnownFileType = sourcecode.swift; path = BackendRequest.swift; sourceTree = "<group>"; };
		184B88AA2076374B00C77A77 /* BackendAlamofireExecutor.swift */ = {isa = PBXFileReference; fileEncoding = 4; lastKnownFileType = sourcecode.swift; path = BackendAlamofireExecutor.swift; sourceTree = "<group>"; };
		184B88AB2076374B00C77A77 /* BackendExecutorProtocol.swift */ = {isa = PBXFileReference; fileEncoding = 4; lastKnownFileType = sourcecode.swift; path = BackendExecutorProtocol.swift; sourceTree = "<group>"; };
		184B88AD2076374B00C77A77 /* BackendRequestExecutor.swift */ = {isa = PBXFileReference; fileEncoding = 4; lastKnownFileType = sourcecode.swift; path = BackendRequestExecutor.swift; sourceTree = "<group>"; };
		184B88AF2076374B00C77A77 /* Typedefs.swift */ = {isa = PBXFileReference; fileEncoding = 4; lastKnownFileType = sourcecode.swift; path = Typedefs.swift; sourceTree = "<group>"; };
		184B88B02076374B00C77A77 /* BackendConstants.swift */ = {isa = PBXFileReference; fileEncoding = 4; lastKnownFileType = sourcecode.swift; path = BackendConstants.swift; sourceTree = "<group>"; };
		184B88B12076374B00C77A77 /* Reachibility.swift */ = {isa = PBXFileReference; fileEncoding = 4; lastKnownFileType = sourcecode.swift; path = Reachibility.swift; sourceTree = "<group>"; };
		185D4A552084CB3A0002C9F7 /* BRUploadExample.swift */ = {isa = PBXFileReference; lastKnownFileType = sourcecode.swift; path = BRUploadExample.swift; sourceTree = "<group>"; };
		185D4A572084D3080002C9F7 /* GoogleService-Info.plist */ = {isa = PBXFileReference; fileEncoding = 4; lastKnownFileType = text.plist.xml; path = "GoogleService-Info.plist"; sourceTree = "<group>"; };
		185D4A592084D5770002C9F7 /* GoogleClient.swift */ = {isa = PBXFileReference; fileEncoding = 4; lastKnownFileType = sourcecode.swift; path = GoogleClient.swift; sourceTree = "<group>"; };
		185D4A5B2084DBA40002C9F7 /* ImageUploadHelper.swift */ = {isa = PBXFileReference; fileEncoding = 4; lastKnownFileType = sourcecode.swift; path = ImageUploadHelper.swift; sourceTree = "<group>"; };
		185D4A5D2084DCFA0002C9F7 /* AlertHelper.swift */ = {isa = PBXFileReference; fileEncoding = 4; lastKnownFileType = sourcecode.swift; path = AlertHelper.swift; sourceTree = "<group>"; };
		185D4A5F2084DDFF0002C9F7 /* BOUploadExample.swift */ = {isa = PBXFileReference; lastKnownFileType = sourcecode.swift; path = BOUploadExample.swift; sourceTree = "<group>"; };
		18DFDF68207CF3AB0017DDCB /* PaginationModel.swift */ = {isa = PBXFileReference; fileEncoding = 4; lastKnownFileType = sourcecode.swift; path = PaginationModel.swift; sourceTree = "<group>"; };
		18DFDF6A207D09840017DDCB /* BRRestSampleRequest.swift */ = {isa = PBXFileReference; lastKnownFileType = sourcecode.swift; path = BRRestSampleRequest.swift; sourceTree = "<group>"; };
		18DFDF6C207D0A030017DDCB /* BORestExample.swift */ = {isa = PBXFileReference; lastKnownFileType = sourcecode.swift; path = BORestExample.swift; sourceTree = "<group>"; };
		18DFDF71207D0C5D0017DDCB /* ServiceRegister.swift */ = {isa = PBXFileReference; fileEncoding = 4; lastKnownFileType = sourcecode.swift; path = ServiceRegister.swift; sourceTree = "<group>"; };
		18DFDF72207D0C5D0017DDCB /* ExampleService.swift */ = {isa = PBXFileReference; fileEncoding = 4; lastKnownFileType = sourcecode.swift; path = ExampleService.swift; sourceTree = "<group>"; };
		18DFDF75207D106A0017DDCB /* BRDownloadExample.swift */ = {isa = PBXFileReference; lastKnownFileType = sourcecode.swift; path = BRDownloadExample.swift; sourceTree = "<group>"; };
		18DFDF77207D10E40017DDCB /* BODownloadExample.swift */ = {isa = PBXFileReference; lastKnownFileType = sourcecode.swift; path = BODownloadExample.swift; sourceTree = "<group>"; };
		18F9CF921FB9C15F0015CD27 /* BackendLayerDemo.app */ = {isa = PBXFileReference; explicitFileType = wrapper.application; includeInIndex = 0; path = BackendLayerDemo.app; sourceTree = BUILT_PRODUCTS_DIR; };
		18F9CF951FB9C15F0015CD27 /* AppDelegate.swift */ = {isa = PBXFileReference; lastKnownFileType = sourcecode.swift; path = AppDelegate.swift; sourceTree = "<group>"; };
		18F9CF971FB9C15F0015CD27 /* ViewController.swift */ = {isa = PBXFileReference; lastKnownFileType = sourcecode.swift; path = ViewController.swift; sourceTree = "<group>"; };
		18F9CF9A1FB9C15F0015CD27 /* Base */ = {isa = PBXFileReference; lastKnownFileType = file.storyboard; name = Base; path = Base.lproj/Main.storyboard; sourceTree = "<group>"; };
		18F9CF9C1FB9C15F0015CD27 /* Assets.xcassets */ = {isa = PBXFileReference; lastKnownFileType = folder.assetcatalog; path = Assets.xcassets; sourceTree = "<group>"; };
		18F9CF9F1FB9C15F0015CD27 /* Base */ = {isa = PBXFileReference; lastKnownFileType = file.storyboard; name = Base; path = Base.lproj/LaunchScreen.storyboard; sourceTree = "<group>"; };
		18F9CFA11FB9C15F0015CD27 /* Info.plist */ = {isa = PBXFileReference; lastKnownFileType = text.plist.xml; path = Info.plist; sourceTree = "<group>"; };
		5BA33595D38E17ADBFFE7DE7 /* Pods-BackendLayerDemo.release.xcconfig */ = {isa = PBXFileReference; includeInIndex = 1; lastKnownFileType = text.xcconfig; name = "Pods-BackendLayerDemo.release.xcconfig"; path = "Pods/Target Support Files/Pods-BackendLayerDemo/Pods-BackendLayerDemo.release.xcconfig"; sourceTree = "<group>"; };
		609EA4636B8F0F8EA093212C /* Pods_BackendLayerDemo.framework */ = {isa = PBXFileReference; explicitFileType = wrapper.framework; includeInIndex = 0; path = Pods_BackendLayerDemo.framework; sourceTree = BUILT_PRODUCTS_DIR; };
		C5344954B9CC1BEDD1AD3EC0 /* Pods-BackendLayerDemo.debug.xcconfig */ = {isa = PBXFileReference; includeInIndex = 1; lastKnownFileType = text.xcconfig; name = "Pods-BackendLayerDemo.debug.xcconfig"; path = "Pods/Target Support Files/Pods-BackendLayerDemo/Pods-BackendLayerDemo.debug.xcconfig"; sourceTree = "<group>"; };
/* End PBXFileReference section */

/* Begin PBXFrameworksBuildPhase section */
		18F9CF8F1FB9C15F0015CD27 /* Frameworks */ = {
			isa = PBXFrameworksBuildPhase;
			buildActionMask = 2147483647;
			files = (
				826ABD97289C502A8E8BE8E7 /* Pods_BackendLayerDemo.framework in Frameworks */,
			);
			runOnlyForDeploymentPostprocessing = 0;
		};
/* End PBXFrameworksBuildPhase section */

/* Begin PBXGroup section */
		184B88992076374B00C77A77 /* Service */ = {
			isa = PBXGroup;
			children = (
				184B889A2076374B00C77A77 /* Backend */,
			);
			path = Service;
			sourceTree = "<group>";
		};
		184B889A2076374B00C77A77 /* Backend */ = {
			isa = PBXGroup;
			children = (
				18DFDF70207D0C5D0017DDCB /* Services */,
				184B889B2076374B00C77A77 /* Operation */,
				184B889E2076374B00C77A77 /* BackendService.swift */,
				184B889F2076374B00C77A77 /* FileManagerLoader */,
				184B88A52076374B00C77A77 /* Queue */,
				184B88A72076374B00C77A77 /* Request */,
				184B88A92076374B00C77A77 /* Executor */,
				184B88AE2076374B00C77A77 /* Utility */,
			);
			path = Backend;
			sourceTree = "<group>";
		};
		184B889B2076374B00C77A77 /* Operation */ = {
			isa = PBXGroup;
			children = (
				184B889C2076374B00C77A77 /* BackendOperation.swift */,
				184B889D2076374B00C77A77 /* AsyncOperation.swift */,
				18DFDF6C207D0A030017DDCB /* BORestExample.swift */,
				18DFDF77207D10E40017DDCB /* BODownloadExample.swift */,
				185D4A5F2084DDFF0002C9F7 /* BOUploadExample.swift */,
			);
			path = Operation;
			sourceTree = "<group>";
		};
		184B889F2076374B00C77A77 /* FileManagerLoader */ = {
			isa = PBXGroup;
			children = (
				184B88A02076374B00C77A77 /* FilesPool.swift */,
				184B88A12076374B00C77A77 /* FileLoadController.swift */,
				184B88A22076374B00C77A77 /* FileLoadSettings.swift */,
				184B88A32076374B00C77A77 /* FileLoadManager.swift */,
				184B88A42076374B00C77A77 /* FileLoad.swift */,
				185D4A5B2084DBA40002C9F7 /* ImageUploadHelper.swift */,
			);
			path = FileManagerLoader;
			sourceTree = "<group>";
		};
		184B88A52076374B00C77A77 /* Queue */ = {
			isa = PBXGroup;
			children = (
				184B88A62076374B00C77A77 /* BackendOperationQueue.swift */,
			);
			path = Queue;
			sourceTree = "<group>";
		};
		184B88A72076374B00C77A77 /* Request */ = {
			isa = PBXGroup;
			children = (
				184B88A82076374B00C77A77 /* BackendRequest.swift */,
				18DFDF6A207D09840017DDCB /* BRRestSampleRequest.swift */,
				18DFDF75207D106A0017DDCB /* BRDownloadExample.swift */,
				185D4A552084CB3A0002C9F7 /* BRUploadExample.swift */,
			);
			path = Request;
			sourceTree = "<group>";
		};
		184B88A92076374B00C77A77 /* Executor */ = {
			isa = PBXGroup;
			children = (
				184B88AA2076374B00C77A77 /* BackendAlamofireExecutor.swift */,
				184B88AB2076374B00C77A77 /* BackendExecutorProtocol.swift */,
				184B88AD2076374B00C77A77 /* BackendRequestExecutor.swift */,
			);
			path = Executor;
			sourceTree = "<group>";
		};
		184B88AE2076374B00C77A77 /* Utility */ = {
			isa = PBXGroup;
			children = (
				18DFDF68207CF3AB0017DDCB /* PaginationModel.swift */,
				184B88AF2076374B00C77A77 /* Typedefs.swift */,
				184B88B02076374B00C77A77 /* BackendConstants.swift */,
				184B88B12076374B00C77A77 /* Reachibility.swift */,
			);
			path = Utility;
			sourceTree = "<group>";
		};
		18DFDF70207D0C5D0017DDCB /* Services */ = {
			isa = PBXGroup;
			children = (
				18DFDF71207D0C5D0017DDCB /* ServiceRegister.swift */,
				18DFDF72207D0C5D0017DDCB /* ExampleService.swift */,
			);
			path = Services;
			sourceTree = "<group>";
		};
		18F9CF891FB9C15F0015CD27 = {
			isa = PBXGroup;
			children = (
				185D4A572084D3080002C9F7 /* GoogleService-Info.plist */,
				18F9CF941FB9C15F0015CD27 /* BackendLayerDemo */,
				18F9CF931FB9C15F0015CD27 /* Products */,
				90FB6CC9EAF5B5E52D89C19E /* Pods */,
				DEC0DACD603503773A472EA0 /* Frameworks */,
			);
			sourceTree = "<group>";
		};
		18F9CF931FB9C15F0015CD27 /* Products */ = {
			isa = PBXGroup;
			children = (
				18F9CF921FB9C15F0015CD27 /* BackendLayerDemo.app */,
			);
			name = Products;
			sourceTree = "<group>";
		};
		18F9CF941FB9C15F0015CD27 /* BackendLayerDemo */ = {
			isa = PBXGroup;
			children = (
				184B88992076374B00C77A77 /* Service */,
				18F9CF951FB9C15F0015CD27 /* AppDelegate.swift */,
				185D4A592084D5770002C9F7 /* GoogleClient.swift */,
				185D4A5D2084DCFA0002C9F7 /* AlertHelper.swift */,
				18F9CF971FB9C15F0015CD27 /* ViewController.swift */,
				18F9CF991FB9C15F0015CD27 /* Main.storyboard */,
				18F9CF9C1FB9C15F0015CD27 /* Assets.xcassets */,
				18F9CF9E1FB9C15F0015CD27 /* LaunchScreen.storyboard */,
				18F9CFA11FB9C15F0015CD27 /* Info.plist */,
			);
			path = BackendLayerDemo;
			sourceTree = "<group>";
		};
		90FB6CC9EAF5B5E52D89C19E /* Pods */ = {
			isa = PBXGroup;
			children = (
				C5344954B9CC1BEDD1AD3EC0 /* Pods-BackendLayerDemo.debug.xcconfig */,
				5BA33595D38E17ADBFFE7DE7 /* Pods-BackendLayerDemo.release.xcconfig */,
			);
			name = Pods;
			sourceTree = "<group>";
		};
		DEC0DACD603503773A472EA0 /* Frameworks */ = {
			isa = PBXGroup;
			children = (
				609EA4636B8F0F8EA093212C /* Pods_BackendLayerDemo.framework */,
			);
			name = Frameworks;
			sourceTree = "<group>";
		};
/* End PBXGroup section */

/* Begin PBXNativeTarget section */
		18F9CF911FB9C15F0015CD27 /* BackendLayerDemo */ = {
			isa = PBXNativeTarget;
			buildConfigurationList = 18F9CFA41FB9C15F0015CD27 /* Build configuration list for PBXNativeTarget "BackendLayerDemo" */;
			buildPhases = (
				C2D38939757523531101302B /* [CP] Check Pods Manifest.lock */,
				18F9CF8E1FB9C15F0015CD27 /* Sources */,
				18F9CF8F1FB9C15F0015CD27 /* Frameworks */,
				18F9CF901FB9C15F0015CD27 /* Resources */,
				9158EC740945F32C33650ACA /* [CP] Embed Pods Frameworks */,
				D5417B44E0B5AA819D88B136 /* [CP] Copy Pods Resources */,
			);
			buildRules = (
			);
			dependencies = (
			);
			name = BackendLayerDemo;
			productName = BackendLayerDemo;
			productReference = 18F9CF921FB9C15F0015CD27 /* BackendLayerDemo.app */;
			productType = "com.apple.product-type.application";
		};
/* End PBXNativeTarget section */

/* Begin PBXProject section */
		18F9CF8A1FB9C15F0015CD27 /* Project object */ = {
			isa = PBXProject;
			attributes = {
				LastSwiftUpdateCheck = 0910;
				LastUpgradeCheck = 0910;
				ORGANIZATIONNAME = Apple;
				TargetAttributes = {
					18F9CF911FB9C15F0015CD27 = {
						CreatedOnToolsVersion = 9.1;
						ProvisioningStyle = Automatic;
					};
				};
			};
			buildConfigurationList = 18F9CF8D1FB9C15F0015CD27 /* Build configuration list for PBXProject "BackendLayerDemo" */;
			compatibilityVersion = "Xcode 8.0";
			developmentRegion = en;
			hasScannedForEncodings = 0;
			knownRegions = (
				en,
				Base,
			);
			mainGroup = 18F9CF891FB9C15F0015CD27;
			productRefGroup = 18F9CF931FB9C15F0015CD27 /* Products */;
			projectDirPath = "";
			projectRoot = "";
			targets = (
				18F9CF911FB9C15F0015CD27 /* BackendLayerDemo */,
			);
		};
/* End PBXProject section */

/* Begin PBXResourcesBuildPhase section */
		18F9CF901FB9C15F0015CD27 /* Resources */ = {
			isa = PBXResourcesBuildPhase;
			buildActionMask = 2147483647;
			files = (
				18F9CFA01FB9C15F0015CD27 /* LaunchScreen.storyboard in Resources */,
				185D4A582084D3080002C9F7 /* GoogleService-Info.plist in Resources */,
				18F9CF9D1FB9C15F0015CD27 /* Assets.xcassets in Resources */,
				18F9CF9B1FB9C15F0015CD27 /* Main.storyboard in Resources */,
			);
			runOnlyForDeploymentPostprocessing = 0;
		};
/* End PBXResourcesBuildPhase section */

/* Begin PBXShellScriptBuildPhase section */
		9158EC740945F32C33650ACA /* [CP] Embed Pods Frameworks */ = {
			isa = PBXShellScriptBuildPhase;
			buildActionMask = 2147483647;
			files = (
			);
			inputPaths = (
				"${SRCROOT}/Pods/Target Support Files/Pods-BackendLayerDemo/Pods-BackendLayerDemo-frameworks.sh",
				"${BUILT_PRODUCTS_DIR}/Alamofire/Alamofire.framework",
				"${BUILT_PRODUCTS_DIR}/GTMOAuth2/GTMOAuth2.framework",
				"${BUILT_PRODUCTS_DIR}/GTMSessionFetcher/GTMSessionFetcher.framework",
				"${BUILT_PRODUCTS_DIR}/GoogleToolboxForMac/GoogleToolboxForMac.framework",
			);
			name = "[CP] Embed Pods Frameworks";
			outputPaths = (
				"${TARGET_BUILD_DIR}/${FRAMEWORKS_FOLDER_PATH}/Alamofire.framework",
				"${TARGET_BUILD_DIR}/${FRAMEWORKS_FOLDER_PATH}/GTMOAuth2.framework",
				"${TARGET_BUILD_DIR}/${FRAMEWORKS_FOLDER_PATH}/GTMSessionFetcher.framework",
				"${TARGET_BUILD_DIR}/${FRAMEWORKS_FOLDER_PATH}/GoogleToolboxForMac.framework",
			);
			runOnlyForDeploymentPostprocessing = 0;
			shellPath = /bin/sh;
			shellScript = "\"${SRCROOT}/Pods/Target Support Files/Pods-BackendLayerDemo/Pods-BackendLayerDemo-frameworks.sh\"\n";
			showEnvVarsInLog = 0;
		};
		C2D38939757523531101302B /* [CP] Check Pods Manifest.lock */ = {
			isa = PBXShellScriptBuildPhase;
			buildActionMask = 2147483647;
			files = (
			);
			inputPaths = (
				"${PODS_PODFILE_DIR_PATH}/Podfile.lock",
				"${PODS_ROOT}/Manifest.lock",
			);
			name = "[CP] Check Pods Manifest.lock";
			outputPaths = (
				"$(DERIVED_FILE_DIR)/Pods-BackendLayerDemo-checkManifestLockResult.txt",
			);
			runOnlyForDeploymentPostprocessing = 0;
			shellPath = /bin/sh;
			shellScript = "diff \"${PODS_PODFILE_DIR_PATH}/Podfile.lock\" \"${PODS_ROOT}/Manifest.lock\" > /dev/null\nif [ $? != 0 ] ; then\n    # print error to STDERR\n    echo \"error: The sandbox is not in sync with the Podfile.lock. Run 'pod install' or update your CocoaPods installation.\" >&2\n    exit 1\nfi\n# This output is used by Xcode 'outputs' to avoid re-running this script phase.\necho \"SUCCESS\" > \"${SCRIPT_OUTPUT_FILE_0}\"\n";
			showEnvVarsInLog = 0;
		};
		D5417B44E0B5AA819D88B136 /* [CP] Copy Pods Resources */ = {
			isa = PBXShellScriptBuildPhase;
			buildActionMask = 2147483647;
			files = (
			);
			inputPaths = (
				"${SRCROOT}/Pods/Target Support Files/Pods-BackendLayerDemo/Pods-BackendLayerDemo-resources.sh",
				"${PODS_ROOT}/GoogleSignIn/Resources/GoogleSignIn.bundle",
			);
			name = "[CP] Copy Pods Resources";
			outputPaths = (
				"${TARGET_BUILD_DIR}/${UNLOCALIZED_RESOURCES_FOLDER_PATH}/GoogleSignIn.bundle",
			);
			runOnlyForDeploymentPostprocessing = 0;
			shellPath = /bin/sh;
			shellScript = "\"${SRCROOT}/Pods/Target Support Files/Pods-BackendLayerDemo/Pods-BackendLayerDemo-resources.sh\"\n";
			showEnvVarsInLog = 0;
		};
/* End PBXShellScriptBuildPhase section */

/* Begin PBXSourcesBuildPhase section */
		18F9CF8E1FB9C15F0015CD27 /* Sources */ = {
			isa = PBXSourcesBuildPhase;
			buildActionMask = 2147483647;
			files = (
				18DFDF6D207D0A030017DDCB /* BORestExample.swift in Sources */,
				185D4A5A2084D5770002C9F7 /* GoogleClient.swift in Sources */,
				185D4A5E2084DCFB0002C9F7 /* AlertHelper.swift in Sources */,
				184B88BB2076374B00C77A77 /* BackendRequest.swift in Sources */,
				184B88B22076374B00C77A77 /* BackendOperation.swift in Sources */,
				184B88BA2076374B00C77A77 /* BackendOperationQueue.swift in Sources */,
				184B88C22076374B00C77A77 /* Reachibility.swift in Sources */,
				18F9CF981FB9C15F0015CD27 /* ViewController.swift in Sources */,
				18DFDF6B207D09840017DDCB /* BRRestSampleRequest.swift in Sources */,
				18DFDF69207CF3AB0017DDCB /* PaginationModel.swift in Sources */,
				184B88B82076374B00C77A77 /* FileLoadManager.swift in Sources */,
				18DFDF74207D0C5D0017DDCB /* ExampleService.swift in Sources */,
				184B88BD2076374B00C77A77 /* BackendExecutorProtocol.swift in Sources */,
				184B88BF2076374B00C77A77 /* BackendRequestExecutor.swift in Sources */,
				185D4A602084DDFF0002C9F7 /* BOUploadExample.swift in Sources */,
				184B88BC2076374B00C77A77 /* BackendAlamofireExecutor.swift in Sources */,
				184B88B72076374B00C77A77 /* FileLoadSettings.swift in Sources */,
				184B88C02076374B00C77A77 /* Typedefs.swift in Sources */,
				184B88B32076374B00C77A77 /* AsyncOperation.swift in Sources */,
				184B88B92076374B00C77A77 /* FileLoad.swift in Sources */,
				185D4A5C2084DBA40002C9F7 /* ImageUploadHelper.swift in Sources */,
				184B88B52076374B00C77A77 /* FilesPool.swift in Sources */,
				18DFDF76207D106A0017DDCB /* BRDownloadExample.swift in Sources */,
				184B88C12076374B00C77A77 /* BackendConstants.swift in Sources */,
				18DFDF73207D0C5D0017DDCB /* ServiceRegister.swift in Sources */,
				18F9CF961FB9C15F0015CD27 /* AppDelegate.swift in Sources */,
				18DFDF78207D10E40017DDCB /* BODownloadExample.swift in Sources */,
				185D4A562084CB3A0002C9F7 /* BRUploadExample.swift in Sources */,
				184B88B62076374B00C77A77 /* FileLoadController.swift in Sources */,
				184B88B42076374B00C77A77 /* BackendService.swift in Sources */,
			);
			runOnlyForDeploymentPostprocessing = 0;
		};
/* End PBXSourcesBuildPhase section */

/* Begin PBXVariantGroup section */
		18F9CF991FB9C15F0015CD27 /* Main.storyboard */ = {
			isa = PBXVariantGroup;
			children = (
				18F9CF9A1FB9C15F0015CD27 /* Base */,
			);
			name = Main.storyboard;
			sourceTree = "<group>";
		};
		18F9CF9E1FB9C15F0015CD27 /* LaunchScreen.storyboard */ = {
			isa = PBXVariantGroup;
			children = (
				18F9CF9F1FB9C15F0015CD27 /* Base */,
			);
			name = LaunchScreen.storyboard;
			sourceTree = "<group>";
		};
/* End PBXVariantGroup section */

/* Begin XCBuildConfiguration section */
		18F9CFA21FB9C15F0015CD27 /* Debug */ = {
			isa = XCBuildConfiguration;
			buildSettings = {
				ALWAYS_SEARCH_USER_PATHS = NO;
				CLANG_ANALYZER_NONNULL = YES;
				CLANG_ANALYZER_NUMBER_OBJECT_CONVERSION = YES_AGGRESSIVE;
				CLANG_CXX_LANGUAGE_STANDARD = "gnu++14";
				CLANG_CXX_LIBRARY = "libc++";
				CLANG_ENABLE_MODULES = YES;
				CLANG_ENABLE_OBJC_ARC = YES;
				CLANG_WARN_BLOCK_CAPTURE_AUTORELEASING = YES;
				CLANG_WARN_BOOL_CONVERSION = YES;
				CLANG_WARN_COMMA = YES;
				CLANG_WARN_CONSTANT_CONVERSION = YES;
				CLANG_WARN_DIRECT_OBJC_ISA_USAGE = YES_ERROR;
				CLANG_WARN_DOCUMENTATION_COMMENTS = YES;
				CLANG_WARN_EMPTY_BODY = YES;
				CLANG_WARN_ENUM_CONVERSION = YES;
				CLANG_WARN_INFINITE_RECURSION = YES;
				CLANG_WARN_INT_CONVERSION = YES;
				CLANG_WARN_NON_LITERAL_NULL_CONVERSION = YES;
				CLANG_WARN_OBJC_LITERAL_CONVERSION = YES;
				CLANG_WARN_OBJC_ROOT_CLASS = YES_ERROR;
				CLANG_WARN_RANGE_LOOP_ANALYSIS = YES;
				CLANG_WARN_STRICT_PROTOTYPES = YES;
				CLANG_WARN_SUSPICIOUS_MOVE = YES;
				CLANG_WARN_UNGUARDED_AVAILABILITY = YES_AGGRESSIVE;
				CLANG_WARN_UNREACHABLE_CODE = YES;
				CLANG_WARN__DUPLICATE_METHOD_MATCH = YES;
				CODE_SIGN_IDENTITY = "iPhone Developer";
				COPY_PHASE_STRIP = NO;
				DEBUG_INFORMATION_FORMAT = dwarf;
				ENABLE_STRICT_OBJC_MSGSEND = YES;
				ENABLE_TESTABILITY = YES;
				GCC_C_LANGUAGE_STANDARD = gnu11;
				GCC_DYNAMIC_NO_PIC = NO;
				GCC_NO_COMMON_BLOCKS = YES;
				GCC_OPTIMIZATION_LEVEL = 0;
				GCC_PREPROCESSOR_DEFINITIONS = (
					"DEBUG=1",
					"$(inherited)",
				);
				GCC_WARN_64_TO_32_BIT_CONVERSION = YES;
				GCC_WARN_ABOUT_RETURN_TYPE = YES_ERROR;
				GCC_WARN_UNDECLARED_SELECTOR = YES;
				GCC_WARN_UNINITIALIZED_AUTOS = YES_AGGRESSIVE;
				GCC_WARN_UNUSED_FUNCTION = YES;
				GCC_WARN_UNUSED_VARIABLE = YES;
				IPHONEOS_DEPLOYMENT_TARGET = 11.1;
				MTL_ENABLE_DEBUG_INFO = YES;
				ONLY_ACTIVE_ARCH = YES;
				SDKROOT = iphoneos;
				SWIFT_ACTIVE_COMPILATION_CONDITIONS = DEBUG;
				SWIFT_OPTIMIZATION_LEVEL = "-Onone";
			};
			name = Debug;
		};
		18F9CFA31FB9C15F0015CD27 /* Release */ = {
			isa = XCBuildConfiguration;
			buildSettings = {
				ALWAYS_SEARCH_USER_PATHS = NO;
				CLANG_ANALYZER_NONNULL = YES;
				CLANG_ANALYZER_NUMBER_OBJECT_CONVERSION = YES_AGGRESSIVE;
				CLANG_CXX_LANGUAGE_STANDARD = "gnu++14";
				CLANG_CXX_LIBRARY = "libc++";
				CLANG_ENABLE_MODULES = YES;
				CLANG_ENABLE_OBJC_ARC = YES;
				CLANG_WARN_BLOCK_CAPTURE_AUTORELEASING = YES;
				CLANG_WARN_BOOL_CONVERSION = YES;
				CLANG_WARN_COMMA = YES;
				CLANG_WARN_CONSTANT_CONVERSION = YES;
				CLANG_WARN_DIRECT_OBJC_ISA_USAGE = YES_ERROR;
				CLANG_WARN_DOCUMENTATION_COMMENTS = YES;
				CLANG_WARN_EMPTY_BODY = YES;
				CLANG_WARN_ENUM_CONVERSION = YES;
				CLANG_WARN_INFINITE_RECURSION = YES;
				CLANG_WARN_INT_CONVERSION = YES;
				CLANG_WARN_NON_LITERAL_NULL_CONVERSION = YES;
				CLANG_WARN_OBJC_LITERAL_CONVERSION = YES;
				CLANG_WARN_OBJC_ROOT_CLASS = YES_ERROR;
				CLANG_WARN_RANGE_LOOP_ANALYSIS = YES;
				CLANG_WARN_STRICT_PROTOTYPES = YES;
				CLANG_WARN_SUSPICIOUS_MOVE = YES;
				CLANG_WARN_UNGUARDED_AVAILABILITY = YES_AGGRESSIVE;
				CLANG_WARN_UNREACHABLE_CODE = YES;
				CLANG_WARN__DUPLICATE_METHOD_MATCH = YES;
				CODE_SIGN_IDENTITY = "iPhone Developer";
				COPY_PHASE_STRIP = NO;
				DEBUG_INFORMATION_FORMAT = "dwarf-with-dsym";
				ENABLE_NS_ASSERTIONS = NO;
				ENABLE_STRICT_OBJC_MSGSEND = YES;
				GCC_C_LANGUAGE_STANDARD = gnu11;
				GCC_NO_COMMON_BLOCKS = YES;
				GCC_WARN_64_TO_32_BIT_CONVERSION = YES;
				GCC_WARN_ABOUT_RETURN_TYPE = YES_ERROR;
				GCC_WARN_UNDECLARED_SELECTOR = YES;
				GCC_WARN_UNINITIALIZED_AUTOS = YES_AGGRESSIVE;
				GCC_WARN_UNUSED_FUNCTION = YES;
				GCC_WARN_UNUSED_VARIABLE = YES;
				IPHONEOS_DEPLOYMENT_TARGET = 11.1;
				MTL_ENABLE_DEBUG_INFO = NO;
				SDKROOT = iphoneos;
				SWIFT_OPTIMIZATION_LEVEL = "-Owholemodule";
				VALIDATE_PRODUCT = YES;
			};
			name = Release;
		};
		18F9CFA51FB9C15F0015CD27 /* Debug */ = {
			isa = XCBuildConfiguration;
			baseConfigurationReference = C5344954B9CC1BEDD1AD3EC0 /* Pods-BackendLayerDemo.debug.xcconfig */;
			buildSettings = {
				ASSETCATALOG_COMPILER_APPICON_NAME = AppIcon;
				CODE_SIGN_STYLE = Automatic;
				DEVELOPMENT_TEAM = KUV6SQ5946;
				INFOPLIST_FILE = BackendLayerDemo/Info.plist;
				IPHONEOS_DEPLOYMENT_TARGET = 10.0;
				LD_RUNPATH_SEARCH_PATHS = "$(inherited) @executable_path/Frameworks";
				PRODUCT_BUNDLE_IDENTIFIER = quantox.com.BackendLayerDemo;
				PRODUCT_NAME = "$(TARGET_NAME)";
				SWIFT_VERSION = 4.0;
				TARGETED_DEVICE_FAMILY = "1,2";
			};
			name = Debug;
		};
		18F9CFA61FB9C15F0015CD27 /* Release */ = {
			isa = XCBuildConfiguration;
			baseConfigurationReference = 5BA33595D38E17ADBFFE7DE7 /* Pods-BackendLayerDemo.release.xcconfig */;
			buildSettings = {
				ASSETCATALOG_COMPILER_APPICON_NAME = AppIcon;
				CODE_SIGN_STYLE = Automatic;
				DEVELOPMENT_TEAM = KUV6SQ5946;
				INFOPLIST_FILE = BackendLayerDemo/Info.plist;
				IPHONEOS_DEPLOYMENT_TARGET = 10.0;
				LD_RUNPATH_SEARCH_PATHS = "$(inherited) @executable_path/Frameworks";
				PRODUCT_BUNDLE_IDENTIFIER = quantox.com.BackendLayerDemo;
				PRODUCT_NAME = "$(TARGET_NAME)";
				SWIFT_VERSION = 4.0;
				TARGETED_DEVICE_FAMILY = "1,2";
			};
			name = Release;
		};
/* End XCBuildConfiguration section */

/* Begin XCConfigurationList section */
		18F9CF8D1FB9C15F0015CD27 /* Build configuration list for PBXProject "BackendLayerDemo" */ = {
			isa = XCConfigurationList;
			buildConfigurations = (
				18F9CFA21FB9C15F0015CD27 /* Debug */,
				18F9CFA31FB9C15F0015CD27 /* Release */,
			);
			defaultConfigurationIsVisible = 0;
			defaultConfigurationName = Release;
		};
		18F9CFA41FB9C15F0015CD27 /* Build configuration list for PBXNativeTarget "BackendLayerDemo" */ = {
			isa = XCConfigurationList;
			buildConfigurations = (
				18F9CFA51FB9C15F0015CD27 /* Debug */,
				18F9CFA61FB9C15F0015CD27 /* Release */,
			);
			defaultConfigurationIsVisible = 0;
			defaultConfigurationName = Release;
		};
/* End XCConfigurationList section */
	};
	rootObject = 18F9CF8A1FB9C15F0015CD27 /* Project object */;
}
